{
  "name": "neoflora-lib",
  "version": "0.0.1",
  "lockfileVersion": 2,
  "requires": true,
  "packages": {
    "": {
      "version": "0.0.1",
      "dependencies": {
        "tslib": "^1.10.0"
      },
      "peerDependencies": {
        "@angular/common": "^9.0.7",
        "@angular/core": "^9.0.7"
      }
    },
    "node_modules/@angular/common": {
      "version": "9.1.13",
      "resolved": "https://registry.npmjs.org/@angular/common/-/common-9.1.13.tgz",
      "integrity": "sha512-QACUhJWlly/nfHUmjopVS1p6ayxxa/NqjyftdCeBJaoyM2YohqWixP/n/keu1K/srJ96aFpUNsZQgmgoRv5SOQ==",
      "peer": true,
      "peerDependencies": {
        "@angular/core": "9.1.13",
        "rxjs": "^6.5.3",
        "tslib": "^1.10.0"
      }
    },
    "node_modules/@angular/core": {
      "version": "9.1.13",
      "resolved": "https://registry.npmjs.org/@angular/core/-/core-9.1.13.tgz",
      "integrity": "sha512-mBm24Q9GjkAsxMAzqQ86U1078+yTEpr0+syMEruUtJ0HUH6Fzn3J+6xTLb+BVcGb9RkCkFaV9T5mcn6ZM0f++g==",
      "peer": true,
      "peerDependencies": {
        "rxjs": "^6.5.3",
        "tslib": "^1.10.0",
        "zone.js": "~0.10.3"
      }
    },
    "node_modules/rxjs": {
      "version": "6.6.7",
      "resolved": "https://registry.npmjs.org/rxjs/-/rxjs-6.6.7.tgz",
      "integrity": "sha512-hTdwr+7yYNIT5n4AMYp85KA6yw2Va0FLa3Rguvbpa4W3I5xynaBZo41cM3XM+4Q6fRMj3sBYIR1VAmZMXYJvRQ==",
      "peer": true,
      "dependencies": {
        "tslib": "^1.9.0"
      },
      "engines": {
        "npm": ">=2.0.0"
      }
    },
    "node_modules/tslib": {
      "version": "1.14.1",
      "resolved": "https://registry.npmjs.org/tslib/-/tslib-1.14.1.tgz",
      "integrity": "sha512-Xni35NKzjgMrwevysHTCArtLDpPvye8zV/0E4EyYn43P7/7qvQwPh9BGkHewbMulVntbigmcT7rdX3BNo9wRJg=="
    },
    "node_modules/zone.js": {
      "version": "0.10.3",
      "resolved": "https://registry.npmjs.org/zone.js/-/zone.js-0.10.3.tgz",
      "integrity": "sha512-LXVLVEq0NNOqK/fLJo3d0kfzd4sxwn2/h67/02pjCjfKDxgx1i9QqpvtHD8CrBnSSwMw5+dy11O7FRX5mkO7Cg==",
      "peer": true
    }
  },
  "dependencies": {
    "@angular/common": {
      "version": "9.1.13",
      "resolved": "https://registry.npmjs.org/@angular/common/-/common-9.1.13.tgz",
      "integrity": "sha512-QACUhJWlly/nfHUmjopVS1p6ayxxa/NqjyftdCeBJaoyM2YohqWixP/n/keu1K/srJ96aFpUNsZQgmgoRv5SOQ==",
      "peer": true,
      "requires": {}
    },
    "@angular/core": {
      "version": "9.1.13",
      "resolved": "https://registry.npmjs.org/@angular/core/-/core-9.1.13.tgz",
      "integrity": "sha512-mBm24Q9GjkAsxMAzqQ86U1078+yTEpr0+syMEruUtJ0HUH6Fzn3J+6xTLb+BVcGb9RkCkFaV9T5mcn6ZM0f++g==",
      "peer": true,
      "requires": {}
    },
    "rxjs": {
      "version": "6.6.7",
      "resolved": "https://registry.npmjs.org/rxjs/-/rxjs-6.6.7.tgz",
      "integrity": "sha512-hTdwr+7yYNIT5n4AMYp85KA6yw2Va0FLa3Rguvbpa4W3I5xynaBZo41cM3XM+4Q6fRMj3sBYIR1VAmZMXYJvRQ==",
      "peer": true,
      "requires": {
        "tslib": "^1.9.0"
      }
    },
    "tslib": {
      "version": "1.14.1",
      "resolved": "https://registry.npmjs.org/tslib/-/tslib-1.14.1.tgz",
      "integrity": "sha512-Xni35NKzjgMrwevysHTCArtLDpPvye8zV/0E4EyYn43P7/7qvQwPh9BGkHewbMulVntbigmcT7rdX3BNo9wRJg=="
    },
    "zone.js": {
      "version": "0.10.3",
      "resolved": "https://registry.npmjs.org/zone.js/-/zone.js-0.10.3.tgz",
      "integrity": "sha512-LXVLVEq0NNOqK/fLJo3d0kfzd4sxwn2/h67/02pjCjfKDxgx1i9QqpvtHD8CrBnSSwMw5+dy11O7FRX5mkO7Cg==",
      "peer": true
    }
  }
}
